
Microsoft Visual Studio Solution File, Format Version 12.00
# Visual Studio Version 17
VisualStudioVersion = 17.8.34227.203
MinimumVisualStudioVersion = 10.0.40219.1
Project("{9A19103F-16F7-4668-BE54-9A1E7A4F7556}") = "tictactoe", "tictactoe.csproj", "{252C7805-37FE-4C68-936B-5272817033A1}"
EndProject
Global
	GlobalSection(SolutionConfigurationPlatforms) = preSolution
		Debug|Any CPU = Debug|Any CPU
		ExportDebug|Any CPU = ExportDebug|Any CPU
		ExportRelease|Any CPU = ExportRelease|Any CPU
	EndGlobalSection
	GlobalSection(ProjectConfigurationPlatforms) = postSolution
		{252C7805-37FE-4C68-936B-5272817033A1}.Debug|Any CPU.ActiveCfg = Debug|Any CPU
		{252C7805-37FE-4C68-936B-5272817033A1}.Debug|Any CPU.Build.0 = Debug|Any CPU
		{252C7805-37FE-4C68-936B-5272817033A1}.ExportDebug|Any CPU.ActiveCfg = ExportDebug|Any CPU
		{252C7805-37FE-4C68-936B-5272817033A1}.ExportDebug|Any CPU.Build.0 = ExportDebug|Any CPU
		{252C7805-37FE-4C68-936B-5272817033A1}.ExportRelease|Any CPU.ActiveCfg = ExportRelease|Any CPU
		{252C7805-37FE-4C68-936B-5272817033A1}.ExportRelease|Any CPU.Build.0 = ExportRelease|Any CPU
	EndGlobalSection
	GlobalSection(SolutionProperties) = preSolution
		HideSolutionNode = FALSE
	EndGlobalSection
EndGlobal
